dependencies:
- name: db-backup
  repository: file://../db-backup
  version: 1.0.5
- name: db-rest-api
  repository: file://../db-rest-api
  version: 0.2.6
- name: drupal
  repository: file://../drupal
  version: 0.4.12
- name: drupal7
  repository: file://../drupal7
  version: 0.4.12
- name: gitlab
  repository: file://../gitlab
  version: 0.5.15
- name: mariadb
  repository: file://../mariadb
  version: 0.5.8
- name: mysql
  repository: https://charts.bitnami.com/bitnami
  version: 9.4.9
- name: node
  repository: file://../node
  version: 0.4.12
- name: phpmyadmin
  repository: https://charts.bitnami.com/bitnami
  version: 14.3.2
- name: solr
  repository: file://../solr
  version: 0.4.4
- name: tika
  repository: file://../tika
  version: 0.4.1
- name: tomcat
  repository: file://../tomcat
  version: 0.4.12
digest: sha256:80888feb8ca501592cac1b1ce6498edd25a9821b5a6b31f8b268c3501229f71d
generated: "2024-02-21T09:28:46.885247+01:00"
