dependencies:
- name: drupal
  repository: file://../drupal
  version: 0.3.0
- name: drupal7
  repository: file://../drupal7
  version: 0.3.1
- name: gitlab
  repository: file://../gitlab
  version: 0.3.0
- name: mariadb
  repository: file://../mariadb
  version: 0.3.0
- name: node
  repository: file://../node
  version: 0.3.0
- name: phpmyadmin
  repository: file://../phpmyadmin
  version: 0.3.0
- name: solr
  repository: file://../solr
  version: 0.3.0
- name: tika
  repository: file://../tika
  version: 0.3.0
- name: tomcat
  repository: file://../tomcat
  version: 0.3.3
digest: sha256:0180f107e26f5a3a8fb226ee12edb0385ca0b72fb64a167e7b5909514fdb5f3e
generated: "2022-11-30T16:03:45.9291668+01:00"
