dependencies:
- name: drupal
  repository: file://../drupal
  version: 0.1.1
- name: drupal7
  repository: file://../drupal7
  version: 0.1.1
- name: mariadb
  repository: file://../mariadb
  version: 0.1.1
- name: node
  repository: file://../node
  version: 0.1.1
- name: phpmyadmin
  repository: file://../phpmyadmin
  version: 0.1.1
- name: solr
  repository: file://../solr
  version: 0.1.1
- name: tomcat
  repository: file://../tomcat
  version: 0.1.1
digest: sha256:a69ba2b29a5ef73219d781fc9c868d7d24dfff06fbbdeb020043d36cac0e595b
generated: "2022-03-09T11:50:15.8025681+01:00"
