dependencies:
- name: drupal
  repository: file://../drupal
  version: 0.1.1
- name: drupal7
  repository: file://../drupal7
  version: 0.1.1
- name: mariadb
  repository: file://../mariadb
  version: 0.1.1
- name: node
  repository: file://../node
  version: 0.1.1
- name: phpmyadmin
  repository: file://../phpmyadmin
  version: 0.1.4
- name: solr
  repository: file://../solr
  version: 0.1.1
- name: tomcat
  repository: file://../tomcat
  version: 0.1.1
digest: sha256:9cdbfe0a4adf13ea33e854fbe5e6f59c329d4933a2be6e979d2f97c278e0e564
generated: "2022-03-09T13:23:50.4248251+01:00"
